
Microsoft Visual Studio Solution File, Format Version 12.00
# Visual Studio 15
VisualStudioVersion = 15.0.28307.489
MinimumVisualStudioVersion = 10.0.40219.1
Project("{FAE04EC0-301F-11D3-BF4B-00C04F79EFBC}") = "VRCMenuUtils", "VRCMenuUtils.csproj", "{63EE939A-38D9-4786-8191-EDA76BAD4D38}"
EndProject
Global
	GlobalSection(SolutionConfigurationPlatforms) = preSolution
		Debug|Any CPU = Debug|Any CPU
		Release|Any CPU = Release|Any CPU
	EndGlobalSection
	GlobalSection(ProjectConfigurationPlatforms) = postSolution
		{63EE939A-38D9-4786-8191-EDA76BAD4D38}.Debug|Any CPU.ActiveCfg = Debug|Any CPU
		{63EE939A-38D9-4786-8191-EDA76BAD4D38}.Debug|Any CPU.Build.0 = Debug|Any CPU
		{63EE939A-38D9-4786-8191-EDA76BAD4D38}.Release|Any CPU.ActiveCfg = Release|Any CPU
		{63EE939A-38D9-4786-8191-EDA76BAD4D38}.Release|Any CPU.Build.0 = Release|Any CPU
	EndGlobalSection
	GlobalSection(SolutionProperties) = preSolution
		HideSolutionNode = FALSE
	EndGlobalSection
	GlobalSection(ExtensibilityGlobals) = postSolution
		SolutionGuid = {60ED1FC2-C66D-4B73-A38D-C85556FA5019}
	EndGlobalSection
EndGlobal
